
Microsoft Visual Studio Solution File, Format Version 12.00
# Visual Studio 2013
VisualStudioVersion = 12.0.21005.1
MinimumVisualStudioVersion = 10.0.40219.1
Project("{FAE04EC0-301F-11D3-BF4B-00C04F79EFBC}") = "TheStringCalculatorKata", "TheStringCalculatorKata\TheStringCalculatorKata.csproj", "{72CBC1BC-5394-4DB3-AA1E-DD61D283C01E}"
EndProject
Project("{FAE04EC0-301F-11D3-BF4B-00C04F79EFBC}") = "TheStringCalculatorKata.Tests", "TheStringCalculatorKata.Tests\TheStringCalculatorKata.Tests.csproj", "{D50A817F-C152-4AD1-A971-143303134C7A}"
EndProject
Global
	GlobalSection(SolutionConfigurationPlatforms) = preSolution
		Debug|Any CPU = Debug|Any CPU
		Release|Any CPU = Release|Any CPU
	EndGlobalSection
	GlobalSection(ProjectConfigurationPlatforms) = postSolution
		{72CBC1BC-5394-4DB3-AA1E-DD61D283C01E}.Debug|Any CPU.ActiveCfg = Debug|Any CPU
		{72CBC1BC-5394-4DB3-AA1E-DD61D283C01E}.Debug|Any CPU.Build.0 = Debug|Any CPU
		{72CBC1BC-5394-4DB3-AA1E-DD61D283C01E}.Release|Any CPU.ActiveCfg = Release|Any CPU
		{72CBC1BC-5394-4DB3-AA1E-DD61D283C01E}.Release|Any CPU.Build.0 = Release|Any CPU
		{D50A817F-C152-4AD1-A971-143303134C7A}.Debug|Any CPU.ActiveCfg = Debug|Any CPU
		{D50A817F-C152-4AD1-A971-143303134C7A}.Debug|Any CPU.Build.0 = Debug|Any CPU
		{D50A817F-C152-4AD1-A971-143303134C7A}.Release|Any CPU.ActiveCfg = Release|Any CPU
		{D50A817F-C152-4AD1-A971-143303134C7A}.Release|Any CPU.Build.0 = Release|Any CPU
	EndGlobalSection
	GlobalSection(SolutionProperties) = preSolution
		HideSolutionNode = FALSE
	EndGlobalSection
EndGlobal
